
Microsoft Visual Studio Solution File, Format Version 12.00
# Visual Studio Version 16
VisualStudioVersion = 16.0.29503.13
MinimumVisualStudioVersion = 10.0.40219.1
Project("{888888A0-9F3D-457C-B088-3A5042F75D52}") = "LearningDjango", "LearningDjango\LearningDjango.pyproj", "{D678DB9E-C299-4EC3-97EA-679F2A11D9BD}"
EndProject
Global
	GlobalSection(SolutionConfigurationPlatforms) = preSolution
		Debug|Any CPU = Debug|Any CPU
		Release|Any CPU = Release|Any CPU
	EndGlobalSection
	GlobalSection(ProjectConfigurationPlatforms) = postSolution
		{D678DB9E-C299-4EC3-97EA-679F2A11D9BD}.Debug|Any CPU.ActiveCfg = Debug|Any CPU
		{D678DB9E-C299-4EC3-97EA-679F2A11D9BD}.Debug|Any CPU.Build.0 = Debug|Any CPU
		{D678DB9E-C299-4EC3-97EA-679F2A11D9BD}.Release|Any CPU.ActiveCfg = Release|Any CPU
		{D678DB9E-C299-4EC3-97EA-679F2A11D9BD}.Release|Any CPU.Build.0 = Release|Any CPU
	EndGlobalSection
	GlobalSection(SolutionProperties) = preSolution
		HideSolutionNode = FALSE
	EndGlobalSection
	GlobalSection(ExtensibilityGlobals) = postSolution
		SolutionGuid = {D1E6CFCC-C9B7-42F4-9ADD-DC3413E04ADE}
	EndGlobalSection
EndGlobal
